Microsoft Visual Studio Solution File, Format Version 12.00
# Visual Studio Version 16
VisualStudioVersion = 16.0.31205.134
MinimumVisualStudioVersion = 10.0.40219.1
Project("{2150E333-8FDC-42A3-9474-1A3956D46DE8}") = "stuff", "stuff", "{1ABDD7C1-1F8D-402D-8692-3E4B66962DE0}"
	ProjectSection(SolutionItems) = preProject
		CHANGELOG.md = CHANGELOG.md
		CONTRIBUTING.md = CONTRIBUTING.md
		LICENSE.md = LICENSE.md
		README.md = README.md
	EndProjectSection
EndProject
Project("{FAE04EC0-301F-11D3-BF4B-00C04F79EFBC}") = "Rebus.AzureTables", "Rebus.AzureTables\Rebus.AzureTables.csproj", "{7D278E11-8B21-425F-A47E-BAE56BC48D95}"
EndProject
Project("{FAE04EC0-301F-11D3-BF4B-00C04F79EFBC}") = "Rebus.AzureTables.Tests", "Rebus.AzureTables.Tests\Rebus.AzureTables.Tests.csproj", "{705832C4-FF8B-49EC-AA17-96B29434BA85}"
EndProject
Global
	GlobalSection(SolutionConfigurationPlatforms) = preSolution
		Debug|Any CPU = Debug|Any CPU
		Release|Any CPU = Release|Any CPU
	EndGlobalSection
	GlobalSection(ProjectConfigurationPlatforms) = postSolution
		{7D278E11-8B21-425F-A47E-BAE56BC48D95}.Debug|Any CPU.ActiveCfg = Debug|Any CPU
		{7D278E11-8B21-425F-A47E-BAE56BC48D95}.Debug|Any CPU.Build.0 = Debug|Any CPU
		{7D278E11-8B21-425F-A47E-BAE56BC48D95}.Release|Any CPU.ActiveCfg = Release|Any CPU
		{7D278E11-8B21-425F-A47E-BAE56BC48D95}.Release|Any CPU.Build.0 = Release|Any CPU
		{705832C4-FF8B-49EC-AA17-96B29434BA85}.Debug|Any CPU.ActiveCfg = Debug|Any CPU
		{705832C4-FF8B-49EC-AA17-96B29434BA85}.Debug|Any CPU.Build.0 = Debug|Any CPU
		{705832C4-FF8B-49EC-AA17-96B29434BA85}.Release|Any CPU.ActiveCfg = Release|Any CPU
		{705832C4-FF8B-49EC-AA17-96B29434BA85}.Release|Any CPU.Build.0 = Release|Any CPU
	EndGlobalSection
	GlobalSection(SolutionProperties) = preSolution
		HideSolutionNode = FALSE
	EndGlobalSection
	GlobalSection(ExtensibilityGlobals) = postSolution
		SolutionGuid = {B493440D-59A8-463C-B033-AD05FA35F070}
	EndGlobalSection
EndGlobal
